// !$*UTF8*$!
{
	archiveVersion = 1;
	classes = {
	};
	objectVersion = 46;
	objects = {

/* Begin PBXBuildFile section */
		DAFBACFA1DB65B9D00EBE880 /* AppDelegate.swift in Sources */ = {isa = PBXBuildFile; fileRef = DAFBACF91DB65B9D00EBE880 /* AppDelegate.swift */; };
		DAFBACFC1DB65B9D00EBE880 /* ViewController.swift in Sources */ = {isa = PBXBuildFile; fileRef = DAFBACFB1DB65B9D00EBE880 /* ViewController.swift */; };
		DAFBACFF1DB65B9D00EBE880 /* Main.storyboard in Resources */ = {isa = PBXBuildFile; fileRef = DAFBACFD1DB65B9D00EBE880 /* Main.storyboard */; };
		DAFBAD011DB65B9D00EBE880 /* Assets.xcassets in Resources */ = {isa = PBXBuildFile; fileRef = DAFBAD001DB65B9D00EBE880 /* Assets.xcassets */; };
		DAFBAD041DB65B9D00EBE880 /* LaunchScreen.storyboard in Resources */ = {isa = PBXBuildFile; fileRef = DAFBAD021DB65B9D00EBE880 /* LaunchScreen.storyboard */; };
/* End PBXBuildFile section */

/* Begin PBXFileReference section */
		DAFBACF61DB65B9D00EBE880 /* MusicVideo.app */ = {isa = PBXFileReference; explicitFileType = wrapper.application; includeInIndex = 0; path = MusicVideo.app; sourceTree = BUILT_PRODUCTS_DIR; };
		DAFBACF91DB65B9D00EBE880 /* AppDelegate.swift */ = {isa = PBXFileReference; lastKnownFileType = sourcecode.swift; path = AppDelegate.swift; sourceTree = "<group>"; };
		DAFBACFB1DB65B9D00EBE880 /* ViewController.swift */ = {isa = PBXFileReference; lastKnownFileType = sourcecode.swift; path = ViewController.swift; sourceTree = "<group>"; };
		DAFBACFE1DB65B9D00EBE880 /* Base */ = {isa = PBXFileReference; lastKnownFileType = file.storyboard; name = Base; path = Base.lproj/Main.storyboard; sourceTree = "<group>"; };
		DAFBAD001DB65B9D00EBE880 /* Assets.xcassets */ = {isa = PBXFileReference; lastKnownFileType = folder.assetcatalog; path = Assets.xcassets; sourceTree = "<group>"; };
		DAFBAD031DB65B9D00EBE880 /* Base */ = {isa = PBXFileReference; lastKnownFileType = file.storyboard; name = Base; path = Base.lproj/LaunchScreen.storyboard; sourceTree = "<group>"; };
		DAFBAD051DB65B9D00EBE880 /* Info.plist */ = {isa = PBXFileReference; lastKnownFileType = text.plist.xml; path = Info.plist; sourceTree = "<group>"; };
/* End PBXFileReference section */

/* Begin PBXFrameworksBuildPhase section */
		DAFBACF31DB65B9D00EBE880 /* Frameworks */ = {
			isa = PBXFrameworksBuildPhase;
			buildActionMask = 2147483647;
			files = (
			);
			runOnlyForDeploymentPostprocessing = 0;
		};
/* End PBXFrameworksBuildPhase section */

/* Begin PBXGroup section */
		DAFBACED1DB65B9D00EBE880 = {
			isa = PBXGroup;
			children = (
				DAFBACF81DB65B9D00EBE880 /* MusicVideo */,
				DAFBACF71DB65B9D00EBE880 /* Products */,
			);
			sourceTree = "<group>";
		};
		DAFBACF71DB65B9D00EBE880 /* Products */ = {
			isa = PBXGroup;
			children = (
				DAFBACF61DB65B9D00EBE880 /* MusicVideo.app */,
			);
			name = Products;
			sourceTree = "<group>";
		};
		DAFBACF81DB65B9D00EBE880 /* MusicVideo */ = {
			isa = PBXGroup;
			children = (
				DAFBAD0E1DB664DF00EBE880 /* Supporting Files */,
				DAFBAD0B1DB6645D00EBE880 /* Model */,
				DAFBAD0C1DB6647A00EBE880 /* Controller */,
				DAFBAD0D1DB664AF00EBE880 /* View */,
			);
			path = MusicVideo;
			sourceTree = "<group>";
		};
		DAFBAD0B1DB6645D00EBE880 /* Model */ = {
			isa = PBXGroup;
			children = (
			);
			name = Model;
			sourceTree = "<group>";
		};
		DAFBAD0C1DB6647A00EBE880 /* Controller */ = {
			isa = PBXGroup;
			children = (
				DAFBACFB1DB65B9D00EBE880 /* ViewController.swift */,
			);
			name = Controller;
			sourceTree = "<group>";
		};
		DAFBAD0D1DB664AF00EBE880 /* View */ = {
			isa = PBXGroup;
			children = (
				DAFBAD021DB65B9D00EBE880 /* LaunchScreen.storyboard */,
				DAFBACFD1DB65B9D00EBE880 /* Main.storyboard */,
			);
			name = View;
			sourceTree = "<group>";
		};
		DAFBAD0E1DB664DF00EBE880 /* Supporting Files */ = {
			isa = PBXGroup;
			children = (
				DAFBACF91DB65B9D00EBE880 /* AppDelegate.swift */,
				DAFBAD001DB65B9D00EBE880 /* Assets.xcassets */,
				DAFBAD051DB65B9D00EBE880 /* Info.plist */,
			);
			name = "Supporting Files";
			sourceTree = "<group>";
		};
/* End PBXGroup section */

/* Begin PBXNativeTarget section */
		DAFBACF51DB65B9D00EBE880 /* MusicVideo */ = {
			isa = PBXNativeTarget;
			buildConfigurationList = DAFBAD081DB65B9D00EBE880 /* Build configuration list for PBXNativeTarget "MusicVideo" */;
			buildPhases = (
				DAFBACF21DB65B9D00EBE880 /* Sources */,
				DAFBACF31DB65B9D00EBE880 /* Frameworks */,
				DAFBACF41DB65B9D00EBE880 /* Resources */,
			);
			buildRules = (
			);
			dependencies = (
			);
			name = MusicVideo;
			productName = MusicVideo;
			productReference = DAFBACF61DB65B9D00EBE880 /* MusicVideo.app */;
			productType = "com.apple.product-type.application";
		};
/* End PBXNativeTarget section */

/* Begin PBXProject section */
		DAFBACEE1DB65B9D00EBE880 /* Project object */ = {
			isa = PBXProject;
			attributes = {
				LastSwiftUpdateCheck = 0800;
				LastUpgradeCheck = 0800;
				ORGANIZATIONNAME = fusta;
				TargetAttributes = {
					DAFBACF51DB65B9D00EBE880 = {
						CreatedOnToolsVersion = 8.0;
						ProvisioningStyle = Automatic;
					};
				};
			};
			buildConfigurationList = DAFBACF11DB65B9D00EBE880 /* Build configuration list for PBXProject "MusicVideo" */;
			compatibilityVersion = "Xcode 3.2";
			developmentRegion = English;
			hasScannedForEncodings = 0;
			knownRegions = (
				en,
				Base,
			);
			mainGroup = DAFBACED1DB65B9D00EBE880;
			productRefGroup = DAFBACF71DB65B9D00EBE880 /* Products */;
			projectDirPath = "";
			projectRoot = "";
			targets = (
				DAFBACF51DB65B9D00EBE880 /* MusicVideo */,
			);
		};
/* End PBXProject section */

/* Begin PBXResourcesBuildPhase section */
		DAFBACF41DB65B9D00EBE880 /* Resources */ = {
			isa = PBXResourcesBuildPhase;
			buildActionMask = 2147483647;
			files = (
				DAFBAD041DB65B9D00EBE880 /* LaunchScreen.storyboard in Resources */,
				DAFBAD011DB65B9D00EBE880 /* Assets.xcassets in Resources */,
				DAFBACFF1DB65B9D00EBE880 /* Main.storyboard in Resources */,
			);
			runOnlyForDeploymentPostprocessing = 0;
		};
/* End PBXResourcesBuildPhase section */

/* Begin PBXSourcesBuildPhase section */
		DAFBACF21DB65B9D00EBE880 /* Sources */ = {
			isa = PBXSourcesBuildPhase;
			buildActionMask = 2147483647;
			files = (
				DAFBACFC1DB65B9D00EBE880 /* ViewController.swift in Sources */,
				DAFBACFA1DB65B9D00EBE880 /* AppDelegate.swift in Sources */,
			);
			runOnlyForDeploymentPostprocessing = 0;
		};
/* End PBXSourcesBuildPhase section */

/* Begin PBXVariantGroup section */
		DAFBACFD1DB65B9D00EBE880 /* Main.storyboard */ = {
			isa = PBXVariantGroup;
			children = (
				DAFBACFE1DB65B9D00EBE880 /* Base */,
			);
			name = Main.storyboard;
			sourceTree = "<group>";
		};
		DAFBAD021DB65B9D00EBE880 /* LaunchScreen.storyboard */ = {
			isa = PBXVariantGroup;
			children = (
				DAFBAD031DB65B9D00EBE880 /* Base */,
			);
			name = LaunchScreen.storyboard;
			sourceTree = "<group>";
		};
/* End PBXVariantGroup section */

/* Begin XCBuildConfiguration section */
		DAFBAD061DB65B9D00EBE880 /* Debug */ = {
			isa = XCBuildConfiguration;
			buildSettings = {
				ALWAYS_SEARCH_USER_PATHS = NO;
				CLANG_ANALYZER_NONNULL = YES;
				CLANG_CXX_LANGUAGE_STANDARD = "gnu++0x";
				CLANG_CXX_LIBRARY = "libc++";
				CLANG_ENABLE_MODULES = YES;
				CLANG_ENABLE_OBJC_ARC = YES;
				CLANG_WARN_BOOL_CONVERSION = YES;
				CLANG_WARN_CONSTANT_CONVERSION = YES;
				CLANG_WARN_DIRECT_OBJC_ISA_USAGE = YES_ERROR;
				CLANG_WARN_DOCUMENTATION_COMMENTS = YES;
				CLANG_WARN_EMPTY_BODY = YES;
				CLANG_WARN_ENUM_CONVERSION = YES;
				CLANG_WARN_INFINITE_RECURSION = YES;
				CLANG_WARN_INT_CONVERSION = YES;
				CLANG_WARN_OBJC_ROOT_CLASS = YES_ERROR;
				CLANG_WARN_SUSPICIOUS_MOVES = YES;
				CLANG_WARN_UNREACHABLE_CODE = YES;
				CLANG_WARN__DUPLICATE_METHOD_MATCH = YES;
				"CODE_SIGN_IDENTITY[sdk=iphoneos*]" = "iPhone Developer";
				COPY_PHASE_STRIP = NO;
				DEBUG_INFORMATION_FORMAT = dwarf;
				ENABLE_STRICT_OBJC_MSGSEND = YES;
				ENABLE_TESTABILITY = YES;
				GCC_C_LANGUAGE_STANDARD = gnu99;
				GCC_DYNAMIC_NO_PIC = NO;
				GCC_NO_COMMON_BLOCKS = YES;
				GCC_OPTIMIZATION_LEVEL = 0;
				GCC_PREPROCESSOR_DEFINITIONS = (
					"DEBUG=1",
					"$(inherited)",
				);
				GCC_WARN_64_TO_32_BIT_CONVERSION = YES;
				GCC_WARN_ABOUT_RETURN_TYPE = YES_ERROR;
				GCC_WARN_UNDECLARED_SELECTOR = YES;
				GCC_WARN_UNINITIALIZED_AUTOS = YES_AGGRESSIVE;
				GCC_WARN_UNUSED_FUNCTION = YES;
				GCC_WARN_UNUSED_VARIABLE = YES;
				IPHONEOS_DEPLOYMENT_TARGET = 10.0;
				MTL_ENABLE_DEBUG_INFO = YES;
				ONLY_ACTIVE_ARCH = YES;
				SDKROOT = iphoneos;
				SWIFT_ACTIVE_COMPILATION_CONDITIONS = DEBUG;
				SWIFT_OPTIMIZATION_LEVEL = "-Onone";
			};
			name = Debug;
		};
		DAFBAD071DB65B9D00EBE880 /* Release */ = {
			isa = XCBuildConfiguration;
			buildSettings = {
				ALWAYS_SEARCH_USER_PATHS = NO;
				CLANG_ANALYZER_NONNULL = YES;
				CLANG_CXX_LANGUAGE_STANDARD = "gnu++0x";
				CLANG_CXX_LIBRARY = "libc++";
				CLANG_ENABLE_MODULES = YES;
				CLANG_ENABLE_OBJC_ARC = YES;
				CLANG_WARN_BOOL_CONVERSION = YES;
				CLANG_WARN_CONSTANT_CONVERSION = YES;
				CLANG_WARN_DIRECT_OBJC_ISA_USAGE = YES_ERROR;
				CLANG_WARN_DOCUMENTATION_COMMENTS = YES;
				CLANG_WARN_EMPTY_BODY = YES;
				CLANG_WARN_ENUM_CONVERSION = YES;
				CLANG_WARN_INFINITE_RECURSION = YES;
				CLANG_WARN_INT_CONVERSION = YES;
				CLANG_WARN_OBJC_ROOT_CLASS = YES_ERROR;
				CLANG_WARN_SUSPICIOUS_MOVES = YES;
				CLANG_WARN_UNREACHABLE_CODE = YES;
				CLANG_WARN__DUPLICATE_METHOD_MATCH = YES;
				"CODE_SIGN_IDENTITY[sdk=iphoneos*]" = "iPhone Developer";
				COPY_PHASE_STRIP = NO;
				DEBUG_INFORMATION_FORMAT = "dwarf-with-dsym";
				ENABLE_NS_ASSERTIONS = NO;
				ENABLE_STRICT_OBJC_MSGSEND = YES;
				GCC_C_LANGUAGE_STANDARD = gnu99;
				GCC_NO_COMMON_BLOCKS = YES;
				GCC_WARN_64_TO_32_BIT_CONVERSION = YES;
				GCC_WARN_ABOUT_RETURN_TYPE = YES_ERROR;
				GCC_WARN_UNDECLARED_SELECTOR = YES;
				GCC_WARN_UNINITIALIZED_AUTOS = YES_AGGRESSIVE;
				GCC_WARN_UNUSED_FUNCTION = YES;
				GCC_WARN_UNUSED_VARIABLE = YES;
				IPHONEOS_DEPLOYMENT_TARGET = 10.0;
				MTL_ENABLE_DEBUG_INFO = NO;
				SDKROOT = iphoneos;
				SWIFT_OPTIMIZATION_LEVEL = "-Owholemodule";
				VALIDATE_PRODUCT = YES;
			};
			name = Release;
		};
		DAFBAD091DB65B9D00EBE880 /* Debug */ = {
			isa = XCBuildConfiguration;
			buildSettings = {
				ASSETCATALOG_COMPILER_APPICON_NAME = AppIcon;
				INFOPLIST_FILE = MusicVideo/Info.plist;
				LD_RUNPATH_SEARCH_PATHS = "$(inherited) @executable_path/Frameworks";
				PRODUCT_BUNDLE_IDENTIFIER = te.MusicVideo;
				PRODUCT_NAME = "$(TARGET_NAME)";
				SWIFT_VERSION = 3.0;
			};
			name = Debug;
		};
		DAFBAD0A1DB65B9D00EBE880 /* Release */ = {
			isa = XCBuildConfiguration;
			buildSettings = {
				ASSETCATALOG_COMPILER_APPICON_NAME = AppIcon;
				INFOPLIST_FILE = MusicVideo/Info.plist;
				LD_RUNPATH_SEARCH_PATHS = "$(inherited) @executable_path/Frameworks";
				PRODUCT_BUNDLE_IDENTIFIER = te.MusicVideo;
				PRODUCT_NAME = "$(TARGET_NAME)";
				SWIFT_VERSION = 3.0;
			};
			name = Release;
		};
/* End XCBuildConfiguration section */

/* Begin XCConfigurationList section */
		DAFBACF11DB65B9D00EBE880 /* Build configuration list for PBXProject "MusicVideo" */ = {
			isa = XCConfigurationList;
			buildConfigurations = (
				DAFBAD061DB65B9D00EBE880 /* Debug */,
				DAFBAD071DB65B9D00EBE880 /* Release */,
			);
			defaultConfigurationIsVisible = 0;
			defaultConfigurationName = Release;
		};
		DAFBAD081DB65B9D00EBE880 /* Build configuration list for PBXNativeTarget "MusicVideo" */ = {
			isa = XCConfigurationList;
			buildConfigurations = (
				DAFBAD091DB65B9D00EBE880 /* Debug */,
				DAFBAD0A1DB65B9D00EBE880 /* Release */,
			);
			defaultConfigurationIsVisible = 0;
		};
/* End XCConfigurationList section */
	};
	rootObject = DAFBACEE1DB65B9D00EBE880 /* Project object */;
}
